
Microsoft Visual Studio Solution File, Format Version 12.00
# Visual Studio Version 16
VisualStudioVersion = 16.0.29613.14
MinimumVisualStudioVersion = 10.0.40219.1
Project("{FAE04EC0-301F-11D3-BF4B-00C04F79EFBC}") = "Starlight", "Starlight.csproj", "{EFB63281-8943-4DD0-8F06-1AA2506CE05A}"
EndProject
Project("{FAE04EC0-301F-11D3-BF4B-00C04F79EFBC}") = "Starlight.Core", "Starlight.Core\Starlight.Core.csproj", "{F168CF22-E9EA-42DB-ABBD-82C13EAB1FBF}"
EndProject
Project("{FAE04EC0-301F-11D3-BF4B-00C04F79EFBC}") = "MyGame", "MyGame\MyGame.csproj", "{4E4E61CD-4AC6-4539-98AE-799FCF344560}"
EndProject
Global
	GlobalSection(SolutionConfigurationPlatforms) = preSolution
		Debug|Any CPU = Debug|Any CPU
		Release|Any CPU = Release|Any CPU
	EndGlobalSection
	GlobalSection(ProjectConfigurationPlatforms) = postSolution
		{EFB63281-8943-4DD0-8F06-1AA2506CE05A}.Debug|Any CPU.ActiveCfg = Debug|Any CPU
		{EFB63281-8943-4DD0-8F06-1AA2506CE05A}.Debug|Any CPU.Build.0 = Debug|Any CPU
		{EFB63281-8943-4DD0-8F06-1AA2506CE05A}.Release|Any CPU.ActiveCfg = Release|Any CPU
		{EFB63281-8943-4DD0-8F06-1AA2506CE05A}.Release|Any CPU.Build.0 = Release|Any CPU
		{F168CF22-E9EA-42DB-ABBD-82C13EAB1FBF}.Debug|Any CPU.ActiveCfg = Debug|Any CPU
		{F168CF22-E9EA-42DB-ABBD-82C13EAB1FBF}.Debug|Any CPU.Build.0 = Debug|Any CPU
		{F168CF22-E9EA-42DB-ABBD-82C13EAB1FBF}.Release|Any CPU.ActiveCfg = Release|Any CPU
		{F168CF22-E9EA-42DB-ABBD-82C13EAB1FBF}.Release|Any CPU.Build.0 = Release|Any CPU
		{4E4E61CD-4AC6-4539-98AE-799FCF344560}.Debug|Any CPU.ActiveCfg = Debug|Any CPU
		{4E4E61CD-4AC6-4539-98AE-799FCF344560}.Debug|Any CPU.Build.0 = Debug|Any CPU
		{4E4E61CD-4AC6-4539-98AE-799FCF344560}.Release|Any CPU.ActiveCfg = Release|Any CPU
		{4E4E61CD-4AC6-4539-98AE-799FCF344560}.Release|Any CPU.Build.0 = Release|Any CPU
	EndGlobalSection
	GlobalSection(SolutionProperties) = preSolution
		HideSolutionNode = FALSE
	EndGlobalSection
	GlobalSection(ExtensibilityGlobals) = postSolution
		SolutionGuid = {DC0F546B-A2D0-4B67-8176-2325EFFCC3FA}
	EndGlobalSection
EndGlobal
